
Microsoft Visual Studio Solution File, Format Version 12.00
# Visual Studio Version 17
VisualStudioVersion = 17.9.34607.119
MinimumVisualStudioVersion = 10.0.40219.1
Project("{FAE04EC0-301F-11D3-BF4B-00C04F79EFBC}") = "LoginApi", "WebApplication1\LoginApi.csproj", "{EB9D95F1-D489-4C23-9A48-21E8024ABA39}"
EndProject
Global
	GlobalSection(SolutionConfigurationPlatforms) = preSolution
		Debug|Any CPU = Debug|Any CPU
		Release|Any CPU = Release|Any CPU
	EndGlobalSection
	GlobalSection(ProjectConfigurationPlatforms) = postSolution
		{EB9D95F1-D489-4C23-9A48-21E8024ABA39}.Debug|Any CPU.ActiveCfg = Debug|Any CPU
		{EB9D95F1-D489-4C23-9A48-21E8024ABA39}.Debug|Any CPU.Build.0 = Debug|Any CPU
		{EB9D95F1-D489-4C23-9A48-21E8024ABA39}.Release|Any CPU.ActiveCfg = Release|Any CPU
		{EB9D95F1-D489-4C23-9A48-21E8024ABA39}.Release|Any CPU.Build.0 = Release|Any CPU
	EndGlobalSection
	GlobalSection(SolutionProperties) = preSolution
		HideSolutionNode = FALSE
	EndGlobalSection
	GlobalSection(ExtensibilityGlobals) = postSolution
		SolutionGuid = {05BF605B-04B6-42B1-92C9-71BB0D1B4969}
	EndGlobalSection
EndGlobal
